<?xml version="1.0" encoding="utf-8"?>
<Project ToolsVersion="4.0" xmlns="http://schemas.microsoft.com/developer/msbuild/2003">
  <ItemGroup>
    <Filter Include="win32">
      <UniqueIdentifier>{84a8ebd7-7cf0-47f6-b75e-d441df67da40}</UniqueIdentifier>
    </Filter>
    <Filter Include="resource">
      <UniqueIdentifier>{715254bc-d70b-4ec5-bf29-467dd3ace079}</UniqueIdentifier>
    </Filter>
    <Filter Include="src">
      <UniqueIdentifier>{bb6c862e-70e9-49d9-81b7-3829a6f50471}</UniqueIdentifier>
    </Filter>
    <Filter Include="src\gamepad">
      <UniqueIdentifier>{138e5e59-14a3-4fe7-9550-caf705a02e59}</UniqueIdentifier>
    </Filter>
    <Filter Include="src\scenes">
      <UniqueIdentifier>{d4f4135c-e989-49e8-b928-a4a669d1267a}</UniqueIdentifier>
    </Filter>
    <Filter Include="src\engine">
      <UniqueIdentifier>{9eef4c0f-a1d2-4122-9939-d0a1f6587478}</UniqueIdentifier>
    </Filter>
    <Filter Include="src\utils">
      <UniqueIdentifier>{e5f22950-184e-4601-8ee6-0f77f6467c46}</UniqueIdentifier>
    </Filter>
  </ItemGroup>
  <ItemGroup>
    <ClCompile Include="main.cpp">
      <Filter>win32</Filter>
    </ClCompile>
    <ClCompile Include="..\Classes\event_gamepad.cpp">
      <Filter>src\gamepad</Filter>
    </ClCompile>
    <ClCompile Include="..\Classes\event_listener_gamepad.cpp">
      <Filter>src\gamepad</Filter>
    </ClCompile>
    <ClCompile Include="..\Classes\gamepad_manager.cpp">
      <Filter>src\gamepad</Filter>
    </ClCompile>
    <ClCompile Include="..\Classes\gamepad.cpp">
      <Filter>src\gamepad</Filter>
    </ClCompile>
    <ClCompile Include="..\Classes\theme_manager.cpp">
      <Filter>src\engine</Filter>
    </ClCompile>
    <ClCompile Include="..\Classes\scene_manager.cpp">
      <Filter>src\engine</Filter>
    </ClCompile>
    <ClCompile Include="..\Classes\start_screen.cpp">
      <Filter>src\scenes</Filter>
    </ClCompile>
    <ClCompile Include="..\Classes\start_screen.h">
      <Filter>src\scenes</Filter>
    </ClCompile>
    <ClCompile Include="..\Classes\app_delegate.cpp">
      <Filter>src\engine</Filter>
    </ClCompile>
    <ClCompile Include="..\Classes\board.cpp">
      <Filter>src</Filter>
    </ClCompile>
    <ClCompile Include="..\Classes\session.cpp">
      <Filter>src</Filter>
    </ClCompile>
    <ClCompile Include="..\Classes\session_scene.cpp">
      <Filter>src\scenes</Filter>
    </ClCompile>
    <ClCompile Include="..\Classes\random_generator.cpp">
      <Filter>src\utils</Filter>
    </ClCompile>
  </ItemGroup>
  <ItemGroup>
    <ClInclude Include="main.h">
      <Filter>win32</Filter>
    </ClInclude>
    <ClInclude Include="..\Classes\event_gamepad.h">
      <Filter>src\gamepad</Filter>
    </ClInclude>
    <ClInclude Include="..\Classes\event_listener_gamepad.h">
      <Filter>src\gamepad</Filter>
    </ClInclude>
    <ClInclude Include="..\Classes\gamepad_manager.h">
      <Filter>src\gamepad</Filter>
    </ClInclude>
    <ClInclude Include="..\Classes\gamepad.h">
      <Filter>src\gamepad</Filter>
    </ClInclude>
    <ClInclude Include="..\Classes\theme_manager.h">
      <Filter>src\engine</Filter>
    </ClInclude>
    <ClInclude Include="..\Classes\scene_manager.h">
      <Filter>src\engine</Filter>
    </ClInclude>
    <ClInclude Include="..\Classes\app_delegate.h">
      <Filter>src\engine</Filter>
    </ClInclude>
    <ClInclude Include="..\Classes\session.h">
      <Filter>src</Filter>
    </ClInclude>
    <ClInclude Include="..\Classes\board.h">
      <Filter>src</Filter>
    </ClInclude>
    <ClInclude Include="..\Classes\session_scene.h">
      <Filter>src\scenes</Filter>
    </ClInclude>
    <ClInclude Include="..\Classes\random_generator.h">
      <Filter>src\utils</Filter>
    </ClInclude>
  </ItemGroup>
  <ItemGroup>
    <ResourceCompile Include="game.rc">
      <Filter>resource</Filter>
    </ResourceCompile>
  </ItemGroup>
</Project>